# This file is automatically @generated by Cargo.
# It is not intended for manual editing.
version = 3

[[package]]
name = "pogofish-cli"
version = "0.1.0"

[[package]]
name = "pogofish-engine"
version = "0.1.0"

[[package]]
name = "pogofish-search"
version = "0.1.0"

[[package]]
name = "pogofish-train"
version = "0.1.0"

[[package]]
name = "pogofish-wasm"
version = "0.1.0"
